# THIS IS AN AUTOGENERATED FILE. DO NOT EDIT THIS FILE DIRECTLY.
# yarn lockfile v1


ad-block@^4.1.1:
  version "4.1.1"
  resolved "https://registry.yarnpkg.com/ad-block/-/ad-block-4.1.1.tgz#19be9250faa765dc40a7e17d33299b9634d33407"
  integrity sha512-Oug/ildz3zUQhpuzQfBXme8KcFExP1YpAGvdqFaVg2ThKoT5DUJHb69cJpotmA3PGJYxMYDl0JeGqyx8IQiFnQ==
  dependencies:
    bloom-filter-cpp "^1.2.0"
    cppunitlite "^1.0.0"
    hashset-cpp "^2.1.0"
    nan "^2.10.0"

bloom-filter-cpp@^1.2.0:
  version "1.2.0"
  resolved "https://registry.yarnpkg.com/bloom-filter-cpp/-/bloom-filter-cpp-1.2.0.tgz#d3d5894b0fdeb541771d5fad96b7ba0969ecb5dc"
  integrity sha512-R5axBRU0tvJK6tZmTFj8pMdjWtjh6eUWDUVj2I8nyeCYVOUKbW+uzM8VsWvMlAYs82fdUUZmA4/rNGkHW+dPNw==

"contains-ads@https://github.com/ErraticFox/contains-ads":
  version "0.2.5"
  resolved "https://github.com/ErraticFox/contains-ads#ea43cd08ab5052e5a33189cec4e1b784305e8d2a"
  dependencies:
    ad-block "^4.1.1"

cppunitlite@^1.0.0:
  version "1.0.0"
  resolved "https://registry.yarnpkg.com/cppunitlite/-/cppunitlite-1.0.0.tgz#d9b33bd4dbde7de6b09e3534176e046653fabceb"

hashset-cpp@^2.1.0:
  version "2.1.0"
  resolved "https://registry.yarnpkg.com/hashset-cpp/-/hashset-cpp-2.1.0.tgz#70f01b3786948c8d882e29286a52cce5e1697193"
  integrity sha512-+HbrTNQH/qiWeObpS0ZFP0INA4yalHCm0j/lHW1V6h106DO+EOp26xQQqFsjGtrqy6vgB7hucTZarByazSd1Uw==

nan@^2.10.0:
  version "2.11.1"
  resolved "https://registry.yarnpkg.com/nan/-/nan-2.11.1.tgz#90e22bccb8ca57ea4cd37cc83d3819b52eea6766"
  integrity sha512-iji6k87OSXa0CcrLl9z+ZiYSuR2o+c0bGuNmXdrhTQTakxytAFsC56SArGYoiHlJlFoHSnvmhpceZJaXkVuOtA==
